
Microsoft Visual Studio Solution File, Format Version 12.00
# Visual Studio Version 17
VisualStudioVersion = 17.3.32811.315
MinimumVisualStudioVersion = 10.0.40219.1
Project("{9A19103F-16F7-4668-BE54-9A1E7A4F7556}") = "Squale", "Squale.csproj", "{EA33C3CF-D239-4793-9E40-C29A78809470}"
EndProject
Global
	GlobalSection(SolutionConfigurationPlatforms) = preSolution
		Debug|Any CPU = Debug|Any CPU
		Release|Any CPU = Release|Any CPU
	EndGlobalSection
	GlobalSection(ProjectConfigurationPlatforms) = postSolution
		{EA33C3CF-D239-4793-9E40-C29A78809470}.Debug|Any CPU.ActiveCfg = Debug|Any CPU
		{EA33C3CF-D239-4793-9E40-C29A78809470}.Debug|Any CPU.Build.0 = Debug|Any CPU
		{EA33C3CF-D239-4793-9E40-C29A78809470}.Release|Any CPU.ActiveCfg = Release|Any CPU
		{EA33C3CF-D239-4793-9E40-C29A78809470}.Release|Any CPU.Build.0 = Release|Any CPU
	EndGlobalSection
	GlobalSection(SolutionProperties) = preSolution
		HideSolutionNode = FALSE
	EndGlobalSection
	GlobalSection(ExtensibilityGlobals) = postSolution
		SolutionGuid = {B42FF61F-ADA5-441C-AC57-772024C40EEF}
	EndGlobalSection
EndGlobal
